
Microsoft Visual Studio Solution File, Format Version 12.00
Project("{FAE04EC0-301F-11D3-BF4B-00C04F79EFBC}") = "Task1_1", "Task1_1\Task1_1.csproj", "{724EEC30-C656-49FC-B795-FA5ECB0FADD4}"
EndProject
Project("{FAE04EC0-301F-11D3-BF4B-00C04F79EFBC}") = "Task1_2", "Task1_2\Task1_2.csproj", "{86F724CF-DF3C-4E9E-855D-99136AC5C0C5}"
EndProject
Project("{FAE04EC0-301F-11D3-BF4B-00C04F79EFBC}") = "Task1_3", "Task1_3\Task1_3.csproj", "{18F93E3E-8DA6-4087-8ABD-4BB03BED22D4}"
EndProject
Project("{FAE04EC0-301F-11D3-BF4B-00C04F79EFBC}") = "Task1_4", "Task1_4\Task1_4.csproj", "{6BA56FD7-5965-49B9-821C-5F7AEC682B74}"
EndProject
Project("{FAE04EC0-301F-11D3-BF4B-00C04F79EFBC}") = "Task1_5", "Task1_5\Task1_5.csproj", "{0C26C6D2-BB69-4750-93BC-37C55A137F96}"
EndProject
Project("{FAE04EC0-301F-11D3-BF4B-00C04F79EFBC}") = "Task1_6", "Task1_6\Task1_6.csproj", "{F9718EC5-A2B3-45D8-96CD-08C5F07EE9A9}"
EndProject
Project("{FAE04EC0-301F-11D3-BF4B-00C04F79EFBC}") = "Task1_7", "Task1_7\Task1_7.csproj", "{F7D87881-2776-4E55-A799-07557CAB4149}"
EndProject
Project("{FAE04EC0-301F-11D3-BF4B-00C04F79EFBC}") = "Task1_8", "Task1_8\Task1_8.csproj", "{7BB9A3C0-99E1-4C6F-BE37-94513A1EE6AD}"
EndProject
Project("{FAE04EC0-301F-11D3-BF4B-00C04F79EFBC}") = "Task1_9", "Task1_9\Task1_9.csproj", "{94EDEC3A-493F-4590-8C48-AE4DEC599665}"
EndProject
Project("{FAE04EC0-301F-11D3-BF4B-00C04F79EFBC}") = "Task1_10", "Task1_10\Task1_10.csproj", "{CC49BD40-C801-496D-8353-3E9A3CD06F87}"
EndProject
Project("{FAE04EC0-301F-11D3-BF4B-00C04F79EFBC}") = "Task1_11", "Task1_11\Task1_11.csproj", "{916186E1-55BC-4BC2-AC59-067F8ABF7D82}"
EndProject
Project("{FAE04EC0-301F-11D3-BF4B-00C04F79EFBC}") = "Task1_12", "Task1_12\Task1_12.csproj", "{3D73EBBF-7618-44BD-827C-030606726AB2}"
EndProject
Global
	GlobalSection(SolutionConfigurationPlatforms) = preSolution
		Debug|Any CPU = Debug|Any CPU
		Release|Any CPU = Release|Any CPU
	EndGlobalSection
	GlobalSection(ProjectConfigurationPlatforms) = postSolution
		{724EEC30-C656-49FC-B795-FA5ECB0FADD4}.Debug|Any CPU.ActiveCfg = Debug|Any CPU
		{724EEC30-C656-49FC-B795-FA5ECB0FADD4}.Debug|Any CPU.Build.0 = Debug|Any CPU
		{724EEC30-C656-49FC-B795-FA5ECB0FADD4}.Release|Any CPU.ActiveCfg = Release|Any CPU
		{724EEC30-C656-49FC-B795-FA5ECB0FADD4}.Release|Any CPU.Build.0 = Release|Any CPU
		{86F724CF-DF3C-4E9E-855D-99136AC5C0C5}.Debug|Any CPU.ActiveCfg = Debug|Any CPU
		{86F724CF-DF3C-4E9E-855D-99136AC5C0C5}.Debug|Any CPU.Build.0 = Debug|Any CPU
		{86F724CF-DF3C-4E9E-855D-99136AC5C0C5}.Release|Any CPU.ActiveCfg = Release|Any CPU
		{86F724CF-DF3C-4E9E-855D-99136AC5C0C5}.Release|Any CPU.Build.0 = Release|Any CPU
		{18F93E3E-8DA6-4087-8ABD-4BB03BED22D4}.Debug|Any CPU.ActiveCfg = Debug|Any CPU
		{18F93E3E-8DA6-4087-8ABD-4BB03BED22D4}.Debug|Any CPU.Build.0 = Debug|Any CPU
		{18F93E3E-8DA6-4087-8ABD-4BB03BED22D4}.Release|Any CPU.ActiveCfg = Release|Any CPU
		{18F93E3E-8DA6-4087-8ABD-4BB03BED22D4}.Release|Any CPU.Build.0 = Release|Any CPU
		{6BA56FD7-5965-49B9-821C-5F7AEC682B74}.Debug|Any CPU.ActiveCfg = Debug|Any CPU
		{6BA56FD7-5965-49B9-821C-5F7AEC682B74}.Debug|Any CPU.Build.0 = Debug|Any CPU
		{6BA56FD7-5965-49B9-821C-5F7AEC682B74}.Release|Any CPU.ActiveCfg = Release|Any CPU
		{6BA56FD7-5965-49B9-821C-5F7AEC682B74}.Release|Any CPU.Build.0 = Release|Any CPU
		{0C26C6D2-BB69-4750-93BC-37C55A137F96}.Debug|Any CPU.ActiveCfg = Debug|Any CPU
		{0C26C6D2-BB69-4750-93BC-37C55A137F96}.Debug|Any CPU.Build.0 = Debug|Any CPU
		{0C26C6D2-BB69-4750-93BC-37C55A137F96}.Release|Any CPU.ActiveCfg = Release|Any CPU
		{0C26C6D2-BB69-4750-93BC-37C55A137F96}.Release|Any CPU.Build.0 = Release|Any CPU
		{F9718EC5-A2B3-45D8-96CD-08C5F07EE9A9}.Debug|Any CPU.ActiveCfg = Debug|Any CPU
		{F9718EC5-A2B3-45D8-96CD-08C5F07EE9A9}.Debug|Any CPU.Build.0 = Debug|Any CPU
		{F9718EC5-A2B3-45D8-96CD-08C5F07EE9A9}.Release|Any CPU.ActiveCfg = Release|Any CPU
		{F9718EC5-A2B3-45D8-96CD-08C5F07EE9A9}.Release|Any CPU.Build.0 = Release|Any CPU
		{F7D87881-2776-4E55-A799-07557CAB4149}.Debug|Any CPU.ActiveCfg = Debug|Any CPU
		{F7D87881-2776-4E55-A799-07557CAB4149}.Debug|Any CPU.Build.0 = Debug|Any CPU
		{F7D87881-2776-4E55-A799-07557CAB4149}.Release|Any CPU.ActiveCfg = Release|Any CPU
		{F7D87881-2776-4E55-A799-07557CAB4149}.Release|Any CPU.Build.0 = Release|Any CPU
		{7BB9A3C0-99E1-4C6F-BE37-94513A1EE6AD}.Debug|Any CPU.ActiveCfg = Debug|Any CPU
		{7BB9A3C0-99E1-4C6F-BE37-94513A1EE6AD}.Debug|Any CPU.Build.0 = Debug|Any CPU
		{7BB9A3C0-99E1-4C6F-BE37-94513A1EE6AD}.Release|Any CPU.ActiveCfg = Release|Any CPU
		{7BB9A3C0-99E1-4C6F-BE37-94513A1EE6AD}.Release|Any CPU.Build.0 = Release|Any CPU
		{94EDEC3A-493F-4590-8C48-AE4DEC599665}.Debug|Any CPU.ActiveCfg = Debug|Any CPU
		{94EDEC3A-493F-4590-8C48-AE4DEC599665}.Debug|Any CPU.Build.0 = Debug|Any CPU
		{94EDEC3A-493F-4590-8C48-AE4DEC599665}.Release|Any CPU.ActiveCfg = Release|Any CPU
		{94EDEC3A-493F-4590-8C48-AE4DEC599665}.Release|Any CPU.Build.0 = Release|Any CPU
		{CC49BD40-C801-496D-8353-3E9A3CD06F87}.Debug|Any CPU.ActiveCfg = Debug|Any CPU
		{CC49BD40-C801-496D-8353-3E9A3CD06F87}.Debug|Any CPU.Build.0 = Debug|Any CPU
		{CC49BD40-C801-496D-8353-3E9A3CD06F87}.Release|Any CPU.ActiveCfg = Release|Any CPU
		{CC49BD40-C801-496D-8353-3E9A3CD06F87}.Release|Any CPU.Build.0 = Release|Any CPU
		{916186E1-55BC-4BC2-AC59-067F8ABF7D82}.Debug|Any CPU.ActiveCfg = Debug|Any CPU
		{916186E1-55BC-4BC2-AC59-067F8ABF7D82}.Debug|Any CPU.Build.0 = Debug|Any CPU
		{916186E1-55BC-4BC2-AC59-067F8ABF7D82}.Release|Any CPU.ActiveCfg = Release|Any CPU
		{916186E1-55BC-4BC2-AC59-067F8ABF7D82}.Release|Any CPU.Build.0 = Release|Any CPU
		{3D73EBBF-7618-44BD-827C-030606726AB2}.Debug|Any CPU.ActiveCfg = Debug|Any CPU
		{3D73EBBF-7618-44BD-827C-030606726AB2}.Debug|Any CPU.Build.0 = Debug|Any CPU
		{3D73EBBF-7618-44BD-827C-030606726AB2}.Release|Any CPU.ActiveCfg = Release|Any CPU
		{3D73EBBF-7618-44BD-827C-030606726AB2}.Release|Any CPU.Build.0 = Release|Any CPU
	EndGlobalSection
EndGlobal
