
Microsoft Visual Studio Solution File, Format Version 12.00
Project("{FAE04EC0-301F-11D3-BF4B-00C04F79EFBC}") = "Task7_1", "Task7_1\Task7_1.csproj", "{87FAB648-3EA3-410A-B941-FBFC8398C77A}"
EndProject
Project("{FAE04EC0-301F-11D3-BF4B-00C04F79EFBC}") = "Task7_2", "Task7_2\Task7_2.csproj", "{D677CFBC-18C7-4424-8BDB-7BEA92750E78}"
EndProject
Project("{FAE04EC0-301F-11D3-BF4B-00C04F79EFBC}") = "Task7_3", "Task7_3\Task7_3.csproj", "{036EF62E-8592-4343-9E3C-1C6D67AB8B93}"
EndProject
Global
	GlobalSection(SolutionConfigurationPlatforms) = preSolution
		Debug|Any CPU = Debug|Any CPU
		Release|Any CPU = Release|Any CPU
	EndGlobalSection
	GlobalSection(ProjectConfigurationPlatforms) = postSolution
		{87FAB648-3EA3-410A-B941-FBFC8398C77A}.Debug|Any CPU.ActiveCfg = Debug|Any CPU
		{87FAB648-3EA3-410A-B941-FBFC8398C77A}.Debug|Any CPU.Build.0 = Debug|Any CPU
		{87FAB648-3EA3-410A-B941-FBFC8398C77A}.Release|Any CPU.ActiveCfg = Release|Any CPU
		{87FAB648-3EA3-410A-B941-FBFC8398C77A}.Release|Any CPU.Build.0 = Release|Any CPU
		{D677CFBC-18C7-4424-8BDB-7BEA92750E78}.Debug|Any CPU.ActiveCfg = Debug|Any CPU
		{D677CFBC-18C7-4424-8BDB-7BEA92750E78}.Debug|Any CPU.Build.0 = Debug|Any CPU
		{D677CFBC-18C7-4424-8BDB-7BEA92750E78}.Release|Any CPU.ActiveCfg = Release|Any CPU
		{D677CFBC-18C7-4424-8BDB-7BEA92750E78}.Release|Any CPU.Build.0 = Release|Any CPU
		{036EF62E-8592-4343-9E3C-1C6D67AB8B93}.Debug|Any CPU.ActiveCfg = Debug|Any CPU
		{036EF62E-8592-4343-9E3C-1C6D67AB8B93}.Debug|Any CPU.Build.0 = Debug|Any CPU
		{036EF62E-8592-4343-9E3C-1C6D67AB8B93}.Release|Any CPU.ActiveCfg = Release|Any CPU
		{036EF62E-8592-4343-9E3C-1C6D67AB8B93}.Release|Any CPU.Build.0 = Release|Any CPU
	EndGlobalSection
EndGlobal
