
Microsoft Visual Studio Solution File, Format Version 12.00
Project("{FAE04EC0-301F-11D3-BF4B-00C04F79EFBC}") = "Epam.Talalaykina.Task4", "Epam.Talalaykina.Task4\Epam.Talalaykina.Task4.csproj", "{BED685E5-71E0-48E8-8701-7EC4D09E6655}"
EndProject
Global
	GlobalSection(SolutionConfigurationPlatforms) = preSolution
		Debug|Any CPU = Debug|Any CPU
		Release|Any CPU = Release|Any CPU
	EndGlobalSection
	GlobalSection(ProjectConfigurationPlatforms) = postSolution
		{BED685E5-71E0-48E8-8701-7EC4D09E6655}.Debug|Any CPU.ActiveCfg = Debug|Any CPU
		{BED685E5-71E0-48E8-8701-7EC4D09E6655}.Debug|Any CPU.Build.0 = Debug|Any CPU
		{BED685E5-71E0-48E8-8701-7EC4D09E6655}.Release|Any CPU.ActiveCfg = Release|Any CPU
		{BED685E5-71E0-48E8-8701-7EC4D09E6655}.Release|Any CPU.Build.0 = Release|Any CPU
	EndGlobalSection
EndGlobal
