
Microsoft Visual Studio Solution File, Format Version 12.00
Project("{FAE04EC0-301F-11D3-BF4B-00C04F79EFBC}") = "Task2_1", "Task2_1\Task2_1.csproj", "{B0F35436-558C-4977-891A-DD992BBC6171}"
EndProject
Project("{FAE04EC0-301F-11D3-BF4B-00C04F79EFBC}") = "Task2_2", "Task2_2\Task2_2.csproj", "{CD75CAF8-46B6-4C4E-AA26-5A07A5D06E0B}"
EndProject
Project("{FAE04EC0-301F-11D3-BF4B-00C04F79EFBC}") = "Task2_3", "Task2_3\Task2_3.csproj", "{22796859-6311-4C60-A711-8E06EB9FABF4}"
EndProject
Project("{FAE04EC0-301F-11D3-BF4B-00C04F79EFBC}") = "Task2_4", "Task2_4\Task2_4.csproj", "{1DB424EA-D678-4313-BFC1-58341A568543}"
EndProject
Project("{FAE04EC0-301F-11D3-BF4B-00C04F79EFBC}") = "Task2_5", "Task2_5\Task2_5.csproj", "{12D004B1-50C3-4181-BFF0-27B50729D245}"
EndProject
Project("{FAE04EC0-301F-11D3-BF4B-00C04F79EFBC}") = "Task2_6", "Task2_6\Task2_6.csproj", "{642C4A51-86A3-477F-A764-CD1D683D52E1}"
EndProject
Project("{FAE04EC0-301F-11D3-BF4B-00C04F79EFBC}") = "Task2_7", "Task2_7\Task2_7.csproj", "{77BA760C-FA19-498A-8E18-8068079B6C37}"
EndProject
Project("{FAE04EC0-301F-11D3-BF4B-00C04F79EFBC}") = "Task2_8", "Task2_8\Task2_8.csproj", "{E44CC2C2-CCCC-473C-B211-BC8A1184F867}"
EndProject
Global
	GlobalSection(SolutionConfigurationPlatforms) = preSolution
		Debug|Any CPU = Debug|Any CPU
		Release|Any CPU = Release|Any CPU
	EndGlobalSection
	GlobalSection(ProjectConfigurationPlatforms) = postSolution
		{B0F35436-558C-4977-891A-DD992BBC6171}.Debug|Any CPU.ActiveCfg = Debug|Any CPU
		{B0F35436-558C-4977-891A-DD992BBC6171}.Debug|Any CPU.Build.0 = Debug|Any CPU
		{B0F35436-558C-4977-891A-DD992BBC6171}.Release|Any CPU.ActiveCfg = Release|Any CPU
		{B0F35436-558C-4977-891A-DD992BBC6171}.Release|Any CPU.Build.0 = Release|Any CPU
		{CD75CAF8-46B6-4C4E-AA26-5A07A5D06E0B}.Debug|Any CPU.ActiveCfg = Debug|Any CPU
		{CD75CAF8-46B6-4C4E-AA26-5A07A5D06E0B}.Debug|Any CPU.Build.0 = Debug|Any CPU
		{CD75CAF8-46B6-4C4E-AA26-5A07A5D06E0B}.Release|Any CPU.ActiveCfg = Release|Any CPU
		{CD75CAF8-46B6-4C4E-AA26-5A07A5D06E0B}.Release|Any CPU.Build.0 = Release|Any CPU
		{22796859-6311-4C60-A711-8E06EB9FABF4}.Debug|Any CPU.ActiveCfg = Debug|Any CPU
		{22796859-6311-4C60-A711-8E06EB9FABF4}.Debug|Any CPU.Build.0 = Debug|Any CPU
		{22796859-6311-4C60-A711-8E06EB9FABF4}.Release|Any CPU.ActiveCfg = Release|Any CPU
		{22796859-6311-4C60-A711-8E06EB9FABF4}.Release|Any CPU.Build.0 = Release|Any CPU
		{1DB424EA-D678-4313-BFC1-58341A568543}.Debug|Any CPU.ActiveCfg = Debug|Any CPU
		{1DB424EA-D678-4313-BFC1-58341A568543}.Debug|Any CPU.Build.0 = Debug|Any CPU
		{1DB424EA-D678-4313-BFC1-58341A568543}.Release|Any CPU.ActiveCfg = Release|Any CPU
		{1DB424EA-D678-4313-BFC1-58341A568543}.Release|Any CPU.Build.0 = Release|Any CPU
		{12D004B1-50C3-4181-BFF0-27B50729D245}.Debug|Any CPU.ActiveCfg = Debug|Any CPU
		{12D004B1-50C3-4181-BFF0-27B50729D245}.Debug|Any CPU.Build.0 = Debug|Any CPU
		{12D004B1-50C3-4181-BFF0-27B50729D245}.Release|Any CPU.ActiveCfg = Release|Any CPU
		{12D004B1-50C3-4181-BFF0-27B50729D245}.Release|Any CPU.Build.0 = Release|Any CPU
		{642C4A51-86A3-477F-A764-CD1D683D52E1}.Debug|Any CPU.ActiveCfg = Debug|Any CPU
		{642C4A51-86A3-477F-A764-CD1D683D52E1}.Debug|Any CPU.Build.0 = Debug|Any CPU
		{642C4A51-86A3-477F-A764-CD1D683D52E1}.Release|Any CPU.ActiveCfg = Release|Any CPU
		{642C4A51-86A3-477F-A764-CD1D683D52E1}.Release|Any CPU.Build.0 = Release|Any CPU
		{77BA760C-FA19-498A-8E18-8068079B6C37}.Debug|Any CPU.ActiveCfg = Debug|Any CPU
		{77BA760C-FA19-498A-8E18-8068079B6C37}.Debug|Any CPU.Build.0 = Debug|Any CPU
		{77BA760C-FA19-498A-8E18-8068079B6C37}.Release|Any CPU.ActiveCfg = Release|Any CPU
		{77BA760C-FA19-498A-8E18-8068079B6C37}.Release|Any CPU.Build.0 = Release|Any CPU
		{E44CC2C2-CCCC-473C-B211-BC8A1184F867}.Debug|Any CPU.ActiveCfg = Debug|Any CPU
		{E44CC2C2-CCCC-473C-B211-BC8A1184F867}.Debug|Any CPU.Build.0 = Debug|Any CPU
		{E44CC2C2-CCCC-473C-B211-BC8A1184F867}.Release|Any CPU.ActiveCfg = Release|Any CPU
		{E44CC2C2-CCCC-473C-B211-BC8A1184F867}.Release|Any CPU.Build.0 = Release|Any CPU
	EndGlobalSection
EndGlobal
