
Microsoft Visual Studio Solution File, Format Version 12.00
Project("{FAE04EC0-301F-11D3-BF4B-00C04F79EFBC}") = "Epam.Talalaykina.Task5", "Epam.Talalaykina.Task5\Epam.Talalaykina.Task5.csproj", "{EA089B4D-F70B-4BC8-AF57-E312667CFA59}"
EndProject
Global
	GlobalSection(SolutionConfigurationPlatforms) = preSolution
		Debug|Any CPU = Debug|Any CPU
		Release|Any CPU = Release|Any CPU
	EndGlobalSection
	GlobalSection(ProjectConfigurationPlatforms) = postSolution
		{EA089B4D-F70B-4BC8-AF57-E312667CFA59}.Debug|Any CPU.ActiveCfg = Debug|Any CPU
		{EA089B4D-F70B-4BC8-AF57-E312667CFA59}.Debug|Any CPU.Build.0 = Debug|Any CPU
		{EA089B4D-F70B-4BC8-AF57-E312667CFA59}.Release|Any CPU.ActiveCfg = Release|Any CPU
		{EA089B4D-F70B-4BC8-AF57-E312667CFA59}.Release|Any CPU.Build.0 = Release|Any CPU
	EndGlobalSection
EndGlobal
