
Microsoft Visual Studio Solution File, Format Version 12.00
Project("{FAE04EC0-301F-11D3-BF4B-00C04F79EFBC}") = "Task3_1", "Task3_1\Task3_1.csproj", "{C09CD960-77B3-428E-8456-6CF9AB10E037}"
EndProject
Project("{FAE04EC0-301F-11D3-BF4B-00C04F79EFBC}") = "Task3_2", "Task3_2\Task3_2.csproj", "{0DAF97BA-7867-42B8-87C1-3819635D0FC3}"
EndProject
Project("{FAE04EC0-301F-11D3-BF4B-00C04F79EFBC}") = "Task3_3", "Task3_3\Task3_3.csproj", "{36B1EDED-75B7-457C-AC7E-7C20F25D6422}"
EndProject
Global
	GlobalSection(SolutionConfigurationPlatforms) = preSolution
		Debug|Any CPU = Debug|Any CPU
		Release|Any CPU = Release|Any CPU
	EndGlobalSection
	GlobalSection(ProjectConfigurationPlatforms) = postSolution
		{C09CD960-77B3-428E-8456-6CF9AB10E037}.Debug|Any CPU.ActiveCfg = Debug|Any CPU
		{C09CD960-77B3-428E-8456-6CF9AB10E037}.Debug|Any CPU.Build.0 = Debug|Any CPU
		{C09CD960-77B3-428E-8456-6CF9AB10E037}.Release|Any CPU.ActiveCfg = Release|Any CPU
		{C09CD960-77B3-428E-8456-6CF9AB10E037}.Release|Any CPU.Build.0 = Release|Any CPU
		{0DAF97BA-7867-42B8-87C1-3819635D0FC3}.Debug|Any CPU.ActiveCfg = Debug|Any CPU
		{0DAF97BA-7867-42B8-87C1-3819635D0FC3}.Debug|Any CPU.Build.0 = Debug|Any CPU
		{0DAF97BA-7867-42B8-87C1-3819635D0FC3}.Release|Any CPU.ActiveCfg = Release|Any CPU
		{0DAF97BA-7867-42B8-87C1-3819635D0FC3}.Release|Any CPU.Build.0 = Release|Any CPU
		{36B1EDED-75B7-457C-AC7E-7C20F25D6422}.Debug|Any CPU.ActiveCfg = Debug|Any CPU
		{36B1EDED-75B7-457C-AC7E-7C20F25D6422}.Debug|Any CPU.Build.0 = Debug|Any CPU
		{36B1EDED-75B7-457C-AC7E-7C20F25D6422}.Release|Any CPU.ActiveCfg = Release|Any CPU
		{36B1EDED-75B7-457C-AC7E-7C20F25D6422}.Release|Any CPU.Build.0 = Release|Any CPU
	EndGlobalSection
EndGlobal
