
Microsoft Visual Studio Solution File, Format Version 12.00
Project("{FAE04EC0-301F-11D3-BF4B-00C04F79EFBC}") = "Epam.Talalaykina.Task00.1.2", "Epam.Talalaykina.Task00.1.2\Epam.Talalaykina.Task00.1.2.csproj", "{93642F8A-FFE7-4F62-8578-AD525E919ED0}"
EndProject
Global
	GlobalSection(SolutionConfigurationPlatforms) = preSolution
		Debug|Any CPU = Debug|Any CPU
		Release|Any CPU = Release|Any CPU
	EndGlobalSection
	GlobalSection(ProjectConfigurationPlatforms) = postSolution
		{93642F8A-FFE7-4F62-8578-AD525E919ED0}.Debug|Any CPU.ActiveCfg = Debug|Any CPU
		{93642F8A-FFE7-4F62-8578-AD525E919ED0}.Debug|Any CPU.Build.0 = Debug|Any CPU
		{93642F8A-FFE7-4F62-8578-AD525E919ED0}.Release|Any CPU.ActiveCfg = Release|Any CPU
		{93642F8A-FFE7-4F62-8578-AD525E919ED0}.Release|Any CPU.Build.0 = Release|Any CPU
	EndGlobalSection
EndGlobal
