
Microsoft Visual Studio Solution File, Format Version 12.00
Project("{FAE04EC0-301F-11D3-BF4B-00C04F79EFBC}") = "Task4_1", "Task4_1\Task4_1.csproj", "{C5CFF712-1EF5-492D-9FB4-7204114B909D}"
EndProject
Project("{FAE04EC0-301F-11D3-BF4B-00C04F79EFBC}") = "Task4_2", "Task4_2\Task4_2.csproj", "{70461856-D318-4B60-AACF-5870798D2B17}"
EndProject
Project("{FAE04EC0-301F-11D3-BF4B-00C04F79EFBC}") = "Task4_3", "Task4_3\Task4_3.csproj", "{128EE95F-9C2F-403C-9574-7194CDCA6E50}"
EndProject
Project("{FAE04EC0-301F-11D3-BF4B-00C04F79EFBC}") = "Task4_4", "Task4_4\Task4_4.csproj", "{152EBCA3-E00D-4304-8E6B-45A52C768AF8}"
EndProject
Project("{FAE04EC0-301F-11D3-BF4B-00C04F79EFBC}") = "Task4_5", "Task4_5\Task4_5.csproj", "{1EE1FAD7-01F4-4AF5-946F-E8E96DDC3E1F}"
EndProject
Project("{FAE04EC0-301F-11D3-BF4B-00C04F79EFBC}") = "Task4_6", "Task4_6\Task4_6.csproj", "{95B6E6CC-B5C5-481A-BDA4-FF27194989DF}"
EndProject
Global
	GlobalSection(SolutionConfigurationPlatforms) = preSolution
		Debug|Any CPU = Debug|Any CPU
		Release|Any CPU = Release|Any CPU
	EndGlobalSection
	GlobalSection(ProjectConfigurationPlatforms) = postSolution
		{C5CFF712-1EF5-492D-9FB4-7204114B909D}.Debug|Any CPU.ActiveCfg = Debug|Any CPU
		{C5CFF712-1EF5-492D-9FB4-7204114B909D}.Debug|Any CPU.Build.0 = Debug|Any CPU
		{C5CFF712-1EF5-492D-9FB4-7204114B909D}.Release|Any CPU.ActiveCfg = Release|Any CPU
		{C5CFF712-1EF5-492D-9FB4-7204114B909D}.Release|Any CPU.Build.0 = Release|Any CPU
		{70461856-D318-4B60-AACF-5870798D2B17}.Debug|Any CPU.ActiveCfg = Debug|Any CPU
		{70461856-D318-4B60-AACF-5870798D2B17}.Debug|Any CPU.Build.0 = Debug|Any CPU
		{70461856-D318-4B60-AACF-5870798D2B17}.Release|Any CPU.ActiveCfg = Release|Any CPU
		{70461856-D318-4B60-AACF-5870798D2B17}.Release|Any CPU.Build.0 = Release|Any CPU
		{128EE95F-9C2F-403C-9574-7194CDCA6E50}.Debug|Any CPU.ActiveCfg = Debug|Any CPU
		{128EE95F-9C2F-403C-9574-7194CDCA6E50}.Debug|Any CPU.Build.0 = Debug|Any CPU
		{128EE95F-9C2F-403C-9574-7194CDCA6E50}.Release|Any CPU.ActiveCfg = Release|Any CPU
		{128EE95F-9C2F-403C-9574-7194CDCA6E50}.Release|Any CPU.Build.0 = Release|Any CPU
		{152EBCA3-E00D-4304-8E6B-45A52C768AF8}.Debug|Any CPU.ActiveCfg = Debug|Any CPU
		{152EBCA3-E00D-4304-8E6B-45A52C768AF8}.Debug|Any CPU.Build.0 = Debug|Any CPU
		{152EBCA3-E00D-4304-8E6B-45A52C768AF8}.Release|Any CPU.ActiveCfg = Release|Any CPU
		{152EBCA3-E00D-4304-8E6B-45A52C768AF8}.Release|Any CPU.Build.0 = Release|Any CPU
		{1EE1FAD7-01F4-4AF5-946F-E8E96DDC3E1F}.Debug|Any CPU.ActiveCfg = Debug|Any CPU
		{1EE1FAD7-01F4-4AF5-946F-E8E96DDC3E1F}.Debug|Any CPU.Build.0 = Debug|Any CPU
		{1EE1FAD7-01F4-4AF5-946F-E8E96DDC3E1F}.Release|Any CPU.ActiveCfg = Release|Any CPU
		{1EE1FAD7-01F4-4AF5-946F-E8E96DDC3E1F}.Release|Any CPU.Build.0 = Release|Any CPU
		{95B6E6CC-B5C5-481A-BDA4-FF27194989DF}.Debug|Any CPU.ActiveCfg = Debug|Any CPU
		{95B6E6CC-B5C5-481A-BDA4-FF27194989DF}.Debug|Any CPU.Build.0 = Debug|Any CPU
		{95B6E6CC-B5C5-481A-BDA4-FF27194989DF}.Release|Any CPU.ActiveCfg = Release|Any CPU
		{95B6E6CC-B5C5-481A-BDA4-FF27194989DF}.Release|Any CPU.Build.0 = Release|Any CPU
	EndGlobalSection
EndGlobal
